// !$*UTF8*$!
{
	archiveVersion = 1;
	classes = {
	};
	objectVersion = 46;
	objects = {

/* Begin PBXBuildFile section */
		4812F2A11D63FAD700F9A03B /* CityCell.m in Sources */ = {isa = PBXBuildFile; fileRef = 4812F2921D63FAD700F9A03B /* CityCell.m */; };
		4812F2A21D63FAD700F9A03B /* CityCell.xib in Resources */ = {isa = PBXBuildFile; fileRef = 4812F2931D63FAD700F9A03B /* CityCell.xib */; };
		4812F2A31D63FAD700F9A03B /* muti_cell_n@2x.png in Resources */ = {isa = PBXBuildFile; fileRef = 4812F2951D63FAD700F9A03B /* muti_cell_n@2x.png */; };
		4812F2A41D63FAD700F9A03B /* muti_cell_n@3x.png in Resources */ = {isa = PBXBuildFile; fileRef = 4812F2961D63FAD700F9A03B /* muti_cell_n@3x.png */; };
		4812F2A51D63FAD700F9A03B /* muti_cell_s@2x.png in Resources */ = {isa = PBXBuildFile; fileRef = 4812F2971D63FAD700F9A03B /* muti_cell_s@2x.png */; };
		4812F2A61D63FAD700F9A03B /* muti_cell_s@3x.png in Resources */ = {isa = PBXBuildFile; fileRef = 4812F2981D63FAD700F9A03B /* muti_cell_s@3x.png */; };
		4812F2A71D63FAD700F9A03B /* TravelDayCell.m in Sources */ = {isa = PBXBuildFile; fileRef = 4812F29A1D63FAD700F9A03B /* TravelDayCell.m */; };
		4812F2A81D63FAD700F9A03B /* TravelDayCell.xib in Resources */ = {isa = PBXBuildFile; fileRef = 4812F29B1D63FAD700F9A03B /* TravelDayCell.xib */; };
		4812F2A91D63FAD700F9A03B /* ZYCustomView.m in Sources */ = {isa = PBXBuildFile; fileRef = 4812F29D1D63FAD700F9A03B /* ZYCustomView.m */; };
		4812F2AA1D63FAD700F9A03B /* ZYMutiSelectReusableView.m in Sources */ = {isa = PBXBuildFile; fileRef = 4812F29F1D63FAD700F9A03B /* ZYMutiSelectReusableView.m */; };
		4812F2AB1D63FAD700F9A03B /* ZYMutiSelectReusableView.xib in Resources */ = {isa = PBXBuildFile; fileRef = 4812F2A01D63FAD700F9A03B /* ZYMutiSelectReusableView.xib */; };
		4812F2AF1D643EEA00F9A03B /* DateHelper.m in Sources */ = {isa = PBXBuildFile; fileRef = 4812F2AE1D643EEA00F9A03B /* DateHelper.m */; };
		4812F2B31D64625000F9A03B /* MutiFilter.m in Sources */ = {isa = PBXBuildFile; fileRef = 4812F2B21D64625000F9A03B /* MutiFilter.m */; };
		48ABFEE71D61863B0079D5A9 /* main.m in Sources */ = {isa = PBXBuildFile; fileRef = 48ABFEE61D61863B0079D5A9 /* main.m */; };
		48C2C2781D6211F70005783A /* AppDelegate.m in Sources */ = {isa = PBXBuildFile; fileRef = 48C2C2261D6211F70005783A /* AppDelegate.m */; };
		48C2C2791D6211F70005783A /* ViewController.m in Sources */ = {isa = PBXBuildFile; fileRef = 48C2C22B1D6211F70005783A /* ViewController.m */; };
		48C2C27A1D6211F70005783A /* ProductCell.m in Sources */ = {isa = PBXBuildFile; fileRef = 48C2C22F1D6211F70005783A /* ProductCell.m */; };
		48C2C27B1D6211F70005783A /* Assets.xcassets in Resources */ = {isa = PBXBuildFile; fileRef = 48C2C2311D6211F70005783A /* Assets.xcassets */; };
		48C2C27C1D6211F70005783A /* LaunchScreen.storyboard in Resources */ = {isa = PBXBuildFile; fileRef = 48C2C2321D6211F70005783A /* LaunchScreen.storyboard */; };
		48C2C27D1D6211F70005783A /* Main.storyboard in Resources */ = {isa = PBXBuildFile; fileRef = 48C2C2341D6211F70005783A /* Main.storyboard */; };
		48C2C27E1D6211F70005783A /* 10@2x.png in Resources */ = {isa = PBXBuildFile; fileRef = 48C2C2371D6211F70005783A /* 10@2x.png */; };
		48C2C27F1D6211F70005783A /* 10@3x.png in Resources */ = {isa = PBXBuildFile; fileRef = 48C2C2381D6211F70005783A /* 10@3x.png */; };
		48C2C2801D6211F70005783A /* 11@2x.png in Resources */ = {isa = PBXBuildFile; fileRef = 48C2C2391D6211F70005783A /* 11@2x.png */; };
		48C2C2811D6211F70005783A /* 11@3x.png in Resources */ = {isa = PBXBuildFile; fileRef = 48C2C23A1D6211F70005783A /* 11@3x.png */; };
		48C2C2821D6211F70005783A /* 12@2x.png in Resources */ = {isa = PBXBuildFile; fileRef = 48C2C23B1D6211F70005783A /* 12@2x.png */; };
		48C2C2831D6211F70005783A /* 12@3x.png in Resources */ = {isa = PBXBuildFile; fileRef = 48C2C23C1D6211F70005783A /* 12@3x.png */; };
		48C2C2841D6211F70005783A /* 13@2x.png in Resources */ = {isa = PBXBuildFile; fileRef = 48C2C23D1D6211F70005783A /* 13@2x.png */; };
		48C2C2851D6211F70005783A /* 13@3x.png in Resources */ = {isa = PBXBuildFile; fileRef = 48C2C23E1D6211F70005783A /* 13@3x.png */; };
		48C2C2861D6211F70005783A /* 14@2x.png in Resources */ = {isa = PBXBuildFile; fileRef = 48C2C23F1D6211F70005783A /* 14@2x.png */; };
		48C2C2871D6211F70005783A /* 14@3x.png in Resources */ = {isa = PBXBuildFile; fileRef = 48C2C2401D6211F70005783A /* 14@3x.png */; };
		48C2C2881D6211F70005783A /* 15@2x.png in Resources */ = {isa = PBXBuildFile; fileRef = 48C2C2411D6211F70005783A /* 15@2x.png */; };
		48C2C2891D6211F70005783A /* 15@3x.png in Resources */ = {isa = PBXBuildFile; fileRef = 48C2C2421D6211F70005783A /* 15@3x.png */; };
		48C2C28A1D6211F70005783A /* 16@2x.png in Resources */ = {isa = PBXBuildFile; fileRef = 48C2C2431D6211F70005783A /* 16@2x.png */; };
		48C2C28B1D6211F70005783A /* 16@3x.png in Resources */ = {isa = PBXBuildFile; fileRef = 48C2C2441D6211F70005783A /* 16@3x.png */; };
		48C2C28C1D6211F70005783A /* 17@2x.png in Resources */ = {isa = PBXBuildFile; fileRef = 48C2C2451D6211F70005783A /* 17@2x.png */; };
		48C2C28D1D6211F70005783A /* 17@3x.png in Resources */ = {isa = PBXBuildFile; fileRef = 48C2C2461D6211F70005783A /* 17@3x.png */; };
		48C2C28E1D6211F70005783A /* 18@2x.png in Resources */ = {isa = PBXBuildFile; fileRef = 48C2C2471D6211F70005783A /* 18@2x.png */; };
		48C2C28F1D6211F70005783A /* 18@3x.png in Resources */ = {isa = PBXBuildFile; fileRef = 48C2C2481D6211F70005783A /* 18@3x.png */; };
		48C2C2901D6211F70005783A /* 19@2x.png in Resources */ = {isa = PBXBuildFile; fileRef = 48C2C2491D6211F70005783A /* 19@2x.png */; };
		48C2C2911D6211F70005783A /* 19@3x.png in Resources */ = {isa = PBXBuildFile; fileRef = 48C2C24A1D6211F70005783A /* 19@3x.png */; };
		48C2C2921D6211F70005783A /* 1@2x.png in Resources */ = {isa = PBXBuildFile; fileRef = 48C2C24B1D6211F70005783A /* 1@2x.png */; };
		48C2C2931D6211F70005783A /* 1@3x.png in Resources */ = {isa = PBXBuildFile; fileRef = 48C2C24C1D6211F70005783A /* 1@3x.png */; };
		48C2C2941D6211F70005783A /* 20@2x.png in Resources */ = {isa = PBXBuildFile; fileRef = 48C2C24D1D6211F70005783A /* 20@2x.png */; };
		48C2C2951D6211F70005783A /* 20@3x.png in Resources */ = {isa = PBXBuildFile; fileRef = 48C2C24E1D6211F70005783A /* 20@3x.png */; };
		48C2C2961D6211F70005783A /* 21@2x.png in Resources */ = {isa = PBXBuildFile; fileRef = 48C2C24F1D6211F70005783A /* 21@2x.png */; };
		48C2C2971D6211F70005783A /* 21@3x.png in Resources */ = {isa = PBXBuildFile; fileRef = 48C2C2501D6211F70005783A /* 21@3x.png */; };
		48C2C2981D6211F70005783A /* 22@2x.png in Resources */ = {isa = PBXBuildFile; fileRef = 48C2C2511D6211F70005783A /* 22@2x.png */; };
		48C2C2991D6211F70005783A /* 22@3x.png in Resources */ = {isa = PBXBuildFile; fileRef = 48C2C2521D6211F70005783A /* 22@3x.png */; };
		48C2C29A1D6211F70005783A /* 23@2x.png in Resources */ = {isa = PBXBuildFile; fileRef = 48C2C2531D6211F70005783A /* 23@2x.png */; };
		48C2C29B1D6211F70005783A /* 23@3x.png in Resources */ = {isa = PBXBuildFile; fileRef = 48C2C2541D6211F70005783A /* 23@3x.png */; };
		48C2C29C1D6211F70005783A /* 24@2x.png in Resources */ = {isa = PBXBuildFile; fileRef = 48C2C2551D6211F70005783A /* 24@2x.png */; };
		48C2C29D1D6211F70005783A /* 24@3x.png in Resources */ = {isa = PBXBuildFile; fileRef = 48C2C2561D6211F70005783A /* 24@3x.png */; };
		48C2C29E1D6211F70005783A /* 25@2x.png in Resources */ = {isa = PBXBuildFile; fileRef = 48C2C2571D6211F70005783A /* 25@2x.png */; };
		48C2C29F1D6211F70005783A /* 25@3x.png in Resources */ = {isa = PBXBuildFile; fileRef = 48C2C2581D6211F70005783A /* 25@3x.png */; };
		48C2C2A01D6211F70005783A /* 2@2x.png in Resources */ = {isa = PBXBuildFile; fileRef = 48C2C2591D6211F70005783A /* 2@2x.png */; };
		48C2C2A11D6211F70005783A /* 2@3x.png in Resources */ = {isa = PBXBuildFile; fileRef = 48C2C25A1D6211F70005783A /* 2@3x.png */; };
		48C2C2A21D6211F70005783A /* 3@2x.png in Resources */ = {isa = PBXBuildFile; fileRef = 48C2C25B1D6211F70005783A /* 3@2x.png */; };
		48C2C2A31D6211F70005783A /* 3@3x.png in Resources */ = {isa = PBXBuildFile; fileRef = 48C2C25C1D6211F70005783A /* 3@3x.png */; };
		48C2C2A41D6211F70005783A /* 4@2x.png in Resources */ = {isa = PBXBuildFile; fileRef = 48C2C25D1D6211F70005783A /* 4@2x.png */; };
		48C2C2A51D6211F70005783A /* 4@3x.png in Resources */ = {isa = PBXBuildFile; fileRef = 48C2C25E1D6211F70005783A /* 4@3x.png */; };
		48C2C2A61D6211F70005783A /* 5@2x.png in Resources */ = {isa = PBXBuildFile; fileRef = 48C2C25F1D6211F70005783A /* 5@2x.png */; };
		48C2C2A71D6211F70005783A /* 5@3x.png in Resources */ = {isa = PBXBuildFile; fileRef = 48C2C2601D6211F70005783A /* 5@3x.png */; };
		48C2C2A81D6211F70005783A /* 6@2x.png in Resources */ = {isa = PBXBuildFile; fileRef = 48C2C2611D6211F70005783A /* 6@2x.png */; };
		48C2C2A91D6211F70005783A /* 6@3x.png in Resources */ = {isa = PBXBuildFile; fileRef = 48C2C2621D6211F70005783A /* 6@3x.png */; };
		48C2C2AA1D6211F70005783A /* 7@2x.png in Resources */ = {isa = PBXBuildFile; fileRef = 48C2C2631D6211F70005783A /* 7@2x.png */; };
		48C2C2AB1D6211F70005783A /* 7@3x.png in Resources */ = {isa = PBXBuildFile; fileRef = 48C2C2641D6211F70005783A /* 7@3x.png */; };
		48C2C2AC1D6211F70005783A /* 8@2x.png in Resources */ = {isa = PBXBuildFile; fileRef = 48C2C2651D6211F70005783A /* 8@2x.png */; };
		48C2C2AD1D6211F70005783A /* 8@3x.png in Resources */ = {isa = PBXBuildFile; fileRef = 48C2C2661D6211F70005783A /* 8@3x.png */; };
		48C2C2AE1D6211F70005783A /* 9@2x.png in Resources */ = {isa = PBXBuildFile; fileRef = 48C2C2671D6211F70005783A /* 9@2x.png */; };
		48C2C2AF1D6211F70005783A /* 9@3x.png in Resources */ = {isa = PBXBuildFile; fileRef = 48C2C2681D6211F70005783A /* 9@3x.png */; };
		48C2C2B01D6211F70005783A /* test@2x.png in Resources */ = {isa = PBXBuildFile; fileRef = 48C2C2691D6211F70005783A /* test@2x.png */; };
		48C2C2B11D6211F70005783A /* AnalogData.m in Sources */ = {isa = PBXBuildFile; fileRef = 48C2C26D1D6211F70005783A /* AnalogData.m */; };
		48C2C2B61D6211F70005783A /* ZYSortMenuButton.m in Sources */ = {isa = PBXBuildFile; fileRef = 48C2C2751D6211F70005783A /* ZYSortMenuButton.m */; };
		48C2C2B71D6211F70005783A /* ZYSortView.m in Sources */ = {isa = PBXBuildFile; fileRef = 48C2C2771D6211F70005783A /* ZYSortView.m */; };
		48C2C2BA1D6212360005783A /* Product.m in Sources */ = {isa = PBXBuildFile; fileRef = 48C2C2B91D6212350005783A /* Product.m */; };
		48F0E5EC1D63113D00440FF8 /* ZYMenuRadioCell.m in Sources */ = {isa = PBXBuildFile; fileRef = 48F0E5EA1D63113D00440FF8 /* ZYMenuRadioCell.m */; };
		48F0E5ED1D63113D00440FF8 /* ZYMenuRadioCell.xib in Resources */ = {isa = PBXBuildFile; fileRef = 48F0E5EB1D63113D00440FF8 /* ZYMenuRadioCell.xib */; };
		48F921F01D6704E3009D3A6A /* emoji_price_range@2x.png in Resources */ = {isa = PBXBuildFile; fileRef = 48F921E21D6704E3009D3A6A /* emoji_price_range@2x.png */; };
		48F921F11D6704E3009D3A6A /* emoji_price_range@3x.png in Resources */ = {isa = PBXBuildFile; fileRef = 48F921E31D6704E3009D3A6A /* emoji_price_range@3x.png */; };
		48F921F21D6704E3009D3A6A /* emoji_sent_city@2x.png in Resources */ = {isa = PBXBuildFile; fileRef = 48F921E41D6704E3009D3A6A /* emoji_sent_city@2x.png */; };
		48F921F31D6704E3009D3A6A /* emoji_sent_city@3x.png in Resources */ = {isa = PBXBuildFile; fileRef = 48F921E51D6704E3009D3A6A /* emoji_sent_city@3x.png */; };
		48F921F41D6704E3009D3A6A /* emoji_sent_time@2x.png in Resources */ = {isa = PBXBuildFile; fileRef = 48F921E61D6704E3009D3A6A /* emoji_sent_time@2x.png */; };
		48F921F51D6704E3009D3A6A /* emoji_sent_time@3x.png in Resources */ = {isa = PBXBuildFile; fileRef = 48F921E71D6704E3009D3A6A /* emoji_sent_time@3x.png */; };
		48F921F61D6704E3009D3A6A /* emoji_travel_days@2x.png in Resources */ = {isa = PBXBuildFile; fileRef = 48F921E81D6704E3009D3A6A /* emoji_travel_days@2x.png */; };
		48F921F71D6704E3009D3A6A /* emoji_travel_days@3x.png in Resources */ = {isa = PBXBuildFile; fileRef = 48F921E91D6704E3009D3A6A /* emoji_travel_days@3x.png */; };
		48F921F81D6704E3009D3A6A /* radio_cell_selected@2x.png in Resources */ = {isa = PBXBuildFile; fileRef = 48F921EA1D6704E3009D3A6A /* radio_cell_selected@2x.png */; };
		48F921F91D6704E3009D3A6A /* radio_cell_selected@3x.png in Resources */ = {isa = PBXBuildFile; fileRef = 48F921EB1D6704E3009D3A6A /* radio_cell_selected@3x.png */; };
		48F921FA1D6704E3009D3A6A /* sort_menu_arrow_normal@2x.png in Resources */ = {isa = PBXBuildFile; fileRef = 48F921EC1D6704E3009D3A6A /* sort_menu_arrow_normal@2x.png */; };
		48F921FB1D6704E3009D3A6A /* sort_menu_arrow_normal@3x.png in Resources */ = {isa = PBXBuildFile; fileRef = 48F921ED1D6704E3009D3A6A /* sort_menu_arrow_normal@3x.png */; };
		48F921FC1D6704E3009D3A6A /* sort_menu_arrow_selected@2x.png in Resources */ = {isa = PBXBuildFile; fileRef = 48F921EE1D6704E3009D3A6A /* sort_menu_arrow_selected@2x.png */; };
		48F921FD1D6704E3009D3A6A /* sort_menu_arrow_selected@3x.png in Resources */ = {isa = PBXBuildFile; fileRef = 48F921EF1D6704E3009D3A6A /* sort_menu_arrow_selected@3x.png */; };
/* End PBXBuildFile section */

/* Begin PBXFileReference section */
		4812F2911D63FAD700F9A03B /* CityCell.h */ = {isa = PBXFileReference; fileEncoding = 4; lastKnownFileType = sourcecode.c.h; path = CityCell.h; sourceTree = "<group>"; };
		4812F2921D63FAD700F9A03B /* CityCell.m */ = {isa = PBXFileReference; fileEncoding = 4; lastKnownFileType = sourcecode.c.objc; path = CityCell.m; sourceTree = "<group>"; };
		4812F2931D63FAD700F9A03B /* CityCell.xib */ = {isa = PBXFileReference; fileEncoding = 4; lastKnownFileType = file.xib; path = CityCell.xib; sourceTree = "<group>"; };
		4812F2951D63FAD700F9A03B /* muti_cell_n@2x.png */ = {isa = PBXFileReference; lastKnownFileType = image.png; path = "muti_cell_n@2x.png"; sourceTree = "<group>"; };
		4812F2961D63FAD700F9A03B /* muti_cell_n@3x.png */ = {isa = PBXFileReference; lastKnownFileType = image.png; path = "muti_cell_n@3x.png"; sourceTree = "<group>"; };
		4812F2971D63FAD700F9A03B /* muti_cell_s@2x.png */ = {isa = PBXFileReference; lastKnownFileType = image.png; path = "muti_cell_s@2x.png"; sourceTree = "<group>"; };
		4812F2981D63FAD700F9A03B /* muti_cell_s@3x.png */ = {isa = PBXFileReference; lastKnownFileType = image.png; path = "muti_cell_s@3x.png"; sourceTree = "<group>"; };
		4812F2991D63FAD700F9A03B /* TravelDayCell.h */ = {isa = PBXFileReference; fileEncoding = 4; lastKnownFileType = sourcecode.c.h; path = TravelDayCell.h; sourceTree = "<group>"; };
		4812F29A1D63FAD700F9A03B /* TravelDayCell.m */ = {isa = PBXFileReference; fileEncoding = 4; lastKnownFileType = sourcecode.c.objc; path = TravelDayCell.m; sourceTree = "<group>"; };
		4812F29B1D63FAD700F9A03B /* TravelDayCell.xib */ = {isa = PBXFileReference; fileEncoding = 4; lastKnownFileType = file.xib; path = TravelDayCell.xib; sourceTree = "<group>"; };
		4812F29C1D63FAD700F9A03B /* ZYCustomView.h */ = {isa = PBXFileReference; fileEncoding = 4; lastKnownFileType = sourcecode.c.h; path = ZYCustomView.h; sourceTree = "<group>"; };
		4812F29D1D63FAD700F9A03B /* ZYCustomView.m */ = {isa = PBXFileReference; fileEncoding = 4; lastKnownFileType = sourcecode.c.objc; path = ZYCustomView.m; sourceTree = "<group>"; };
		4812F29E1D63FAD700F9A03B /* ZYMutiSelectReusableView.h */ = {isa = PBXFileReference; fileEncoding = 4; lastKnownFileType = sourcecode.c.h; path = ZYMutiSelectReusableView.h; sourceTree = "<group>"; };
		4812F29F1D63FAD700F9A03B /* ZYMutiSelectReusableView.m */ = {isa = PBXFileReference; fileEncoding = 4; lastKnownFileType = sourcecode.c.objc; path = ZYMutiSelectReusableView.m; sourceTree = "<group>"; };
		4812F2A01D63FAD700F9A03B /* ZYMutiSelectReusableView.xib */ = {isa = PBXFileReference; fileEncoding = 4; lastKnownFileType = file.xib; path = ZYMutiSelectReusableView.xib; sourceTree = "<group>"; };
		4812F2AD1D643EEA00F9A03B /* DateHelper.h */ = {isa = PBXFileReference; fileEncoding = 4; lastKnownFileType = sourcecode.c.h; path = DateHelper.h; sourceTree = "<group>"; };
		4812F2AE1D643EEA00F9A03B /* DateHelper.m */ = {isa = PBXFileReference; fileEncoding = 4; lastKnownFileType = sourcecode.c.objc; path = DateHelper.m; sourceTree = "<group>"; };
		4812F2B11D64625000F9A03B /* MutiFilter.h */ = {isa = PBXFileReference; fileEncoding = 4; lastKnownFileType = sourcecode.c.h; path = MutiFilter.h; sourceTree = "<group>"; };
		4812F2B21D64625000F9A03B /* MutiFilter.m */ = {isa = PBXFileReference; fileEncoding = 4; lastKnownFileType = sourcecode.c.objc; path = MutiFilter.m; sourceTree = "<group>"; };
		48ABFEE21D61863B0079D5A9 /* 0815_要出发筛选菜单.app */ = {isa = PBXFileReference; explicitFileType = wrapper.application; includeInIndex = 0; path = "0815_要出发筛选菜单.app"; sourceTree = BUILT_PRODUCTS_DIR; };
		48ABFEE61D61863B0079D5A9 /* main.m */ = {isa = PBXFileReference; lastKnownFileType = sourcecode.c.objc; path = main.m; sourceTree = "<group>"; };
		48ABFEF61D61863B0079D5A9 /* Info.plist */ = {isa = PBXFileReference; lastKnownFileType = text.plist.xml; path = Info.plist; sourceTree = "<group>"; };
		48C2C2251D6211F70005783A /* AppDelegate.h */ = {isa = PBXFileReference; fileEncoding = 4; lastKnownFileType = sourcecode.c.h; path = AppDelegate.h; sourceTree = "<group>"; };
		48C2C2261D6211F70005783A /* AppDelegate.m */ = {isa = PBXFileReference; fileEncoding = 4; lastKnownFileType = sourcecode.c.objc; path = AppDelegate.m; sourceTree = "<group>"; };
		48C2C22A1D6211F70005783A /* ViewController.h */ = {isa = PBXFileReference; fileEncoding = 4; lastKnownFileType = sourcecode.c.h; path = ViewController.h; sourceTree = "<group>"; };
		48C2C22B1D6211F70005783A /* ViewController.m */ = {isa = PBXFileReference; fileEncoding = 4; lastKnownFileType = sourcecode.c.objc; path = ViewController.m; sourceTree = "<group>"; };
		48C2C22E1D6211F70005783A /* ProductCell.h */ = {isa = PBXFileReference; fileEncoding = 4; lastKnownFileType = sourcecode.c.h; path = ProductCell.h; sourceTree = "<group>"; };
		48C2C22F1D6211F70005783A /* ProductCell.m */ = {isa = PBXFileReference; fileEncoding = 4; lastKnownFileType = sourcecode.c.objc; path = ProductCell.m; sourceTree = "<group>"; };
		48C2C2311D6211F70005783A /* Assets.xcassets */ = {isa = PBXFileReference; lastKnownFileType = folder.assetcatalog; path = Assets.xcassets; sourceTree = "<group>"; };
		48C2C2331D6211F70005783A /* Base */ = {isa = PBXFileReference; lastKnownFileType = file.storyboard; name = Base; path = Base.lproj/LaunchScreen.storyboard; sourceTree = "<group>"; };
		48C2C2351D6211F70005783A /* Base */ = {isa = PBXFileReference; lastKnownFileType = file.storyboard; name = Base; path = Base.lproj/Main.storyboard; sourceTree = "<group>"; };
		48C2C2371D6211F70005783A /* 10@2x.png */ = {isa = PBXFileReference; lastKnownFileType = image.png; path = "10@2x.png"; sourceTree = "<group>"; };
		48C2C2381D6211F70005783A /* 10@3x.png */ = {isa = PBXFileReference; lastKnownFileType = image.png; path = "10@3x.png"; sourceTree = "<group>"; };
		48C2C2391D6211F70005783A /* 11@2x.png */ = {isa = PBXFileReference; lastKnownFileType = image.png; path = "11@2x.png"; sourceTree = "<group>"; };
		48C2C23A1D6211F70005783A /* 11@3x.png */ = {isa = PBXFileReference; lastKnownFileType = image.png; path = "11@3x.png"; sourceTree = "<group>"; };
		48C2C23B1D6211F70005783A /* 12@2x.png */ = {isa = PBXFileReference; lastKnownFileType = image.png; path = "12@2x.png"; sourceTree = "<group>"; };
		48C2C23C1D6211F70005783A /* 12@3x.png */ = {isa = PBXFileReference; lastKnownFileType = image.png; path = "12@3x.png"; sourceTree = "<group>"; };
		48C2C23D1D6211F70005783A /* 13@2x.png */ = {isa = PBXFileReference; lastKnownFileType = image.png; path = "13@2x.png"; sourceTree = "<group>"; };
		48C2C23E1D6211F70005783A /* 13@3x.png */ = {isa = PBXFileReference; lastKnownFileType = image.png; path = "13@3x.png"; sourceTree = "<group>"; };
		48C2C23F1D6211F70005783A /* 14@2x.png */ = {isa = PBXFileReference; lastKnownFileType = image.png; path = "14@2x.png"; sourceTree = "<group>"; };
		48C2C2401D6211F70005783A /* 14@3x.png */ = {isa = PBXFileReference; lastKnownFileType = image.png; path = "14@3x.png"; sourceTree = "<group>"; };
		48C2C2411D6211F70005783A /* 15@2x.png */ = {isa = PBXFileReference; lastKnownFileType = image.png; path = "15@2x.png"; sourceTree = "<group>"; };
		48C2C2421D6211F70005783A /* 15@3x.png */ = {isa = PBXFileReference; lastKnownFileType = image.png; path = "15@3x.png"; sourceTree = "<group>"; };
		48C2C2431D6211F70005783A /* 16@2x.png */ = {isa = PBXFileReference; lastKnownFileType = image.png; path = "16@2x.png"; sourceTree = "<group>"; };
		48C2C2441D6211F70005783A /* 16@3x.png */ = {isa = PBXFileReference; lastKnownFileType = image.png; path = "16@3x.png"; sourceTree = "<group>"; };
		48C2C2451D6211F70005783A /* 17@2x.png */ = {isa = PBXFileReference; lastKnownFileType = image.png; path = "17@2x.png"; sourceTree = "<group>"; };
		48C2C2461D6211F70005783A /* 17@3x.png */ = {isa = PBXFileReference; lastKnownFileType = image.png; path = "17@3x.png"; sourceTree = "<group>"; };
		48C2C2471D6211F70005783A /* 18@2x.png */ = {isa = PBXFileReference; lastKnownFileType = image.png; path = "18@2x.png"; sourceTree = "<group>"; };
		48C2C2481D6211F70005783A /* 18@3x.png */ = {isa = PBXFileReference; lastKnownFileType = image.png; path = "18@3x.png"; sourceTree = "<group>"; };
		48C2C2491D6211F70005783A /* 19@2x.png */ = {isa = PBXFileReference; lastKnownFileType = image.png; path = "19@2x.png"; sourceTree = "<group>"; };
		48C2C24A1D6211F70005783A /* 19@3x.png */ = {isa = PBXFileReference; lastKnownFileType = image.png; path = "19@3x.png"; sourceTree = "<group>"; };
		48C2C24B1D6211F70005783A /* 1@2x.png */ = {isa = PBXFileReference; lastKnownFileType = image.png; path = "1@2x.png"; sourceTree = "<group>"; };
		48C2C24C1D6211F70005783A /* 1@3x.png */ = {isa = PBXFileReference; lastKnownFileType = image.png; path = "1@3x.png"; sourceTree = "<group>"; };
		48C2C24D1D6211F70005783A /* 20@2x.png */ = {isa = PBXFileReference; lastKnownFileType = image.png; path = "20@2x.png"; sourceTree = "<group>"; };
		48C2C24E1D6211F70005783A /* 20@3x.png */ = {isa = PBXFileReference; lastKnownFileType = image.png; path = "20@3x.png"; sourceTree = "<group>"; };
		48C2C24F1D6211F70005783A /* 21@2x.png */ = {isa = PBXFileReference; lastKnownFileType = image.png; path = "21@2x.png"; sourceTree = "<group>"; };
		48C2C2501D6211F70005783A /* 21@3x.png */ = {isa = PBXFileReference; lastKnownFileType = image.png; path = "21@3x.png"; sourceTree = "<group>"; };
		48C2C2511D6211F70005783A /* 22@2x.png */ = {isa = PBXFileReference; lastKnownFileType = image.png; path = "22@2x.png"; sourceTree = "<group>"; };
		48C2C2521D6211F70005783A /* 22@3x.png */ = {isa = PBXFileReference; lastKnownFileType = image.png; path = "22@3x.png"; sourceTree = "<group>"; };
		48C2C2531D6211F70005783A /* 23@2x.png */ = {isa = PBXFileReference; lastKnownFileType = image.png; path = "23@2x.png"; sourceTree = "<group>"; };
		48C2C2541D6211F70005783A /* 23@3x.png */ = {isa = PBXFileReference; lastKnownFileType = image.png; path = "23@3x.png"; sourceTree = "<group>"; };
		48C2C2551D6211F70005783A /* 24@2x.png */ = {isa = PBXFileReference; lastKnownFileType = image.png; path = "24@2x.png"; sourceTree = "<group>"; };
		48C2C2561D6211F70005783A /* 24@3x.png */ = {isa = PBXFileReference; lastKnownFileType = image.png; path = "24@3x.png"; sourceTree = "<group>"; };
		48C2C2571D6211F70005783A /* 25@2x.png */ = {isa = PBXFileReference; lastKnownFileType = image.png; path = "25@2x.png"; sourceTree = "<group>"; };
		48C2C2581D6211F70005783A /* 25@3x.png */ = {isa = PBXFileReference; lastKnownFileType = image.png; path = "25@3x.png"; sourceTree = "<group>"; };
		48C2C2591D6211F70005783A /* 2@2x.png */ = {isa = PBXFileReference; lastKnownFileType = image.png; path = "2@2x.png"; sourceTree = "<group>"; };
		48C2C25A1D6211F70005783A /* 2@3x.png */ = {isa = PBXFileReference; lastKnownFileType = image.png; path = "2@3x.png"; sourceTree = "<group>"; };
		48C2C25B1D6211F70005783A /* 3@2x.png */ = {isa = PBXFileReference; lastKnownFileType = image.png; path = "3@2x.png"; sourceTree = "<group>"; };
		48C2C25C1D6211F70005783A /* 3@3x.png */ = {isa = PBXFileReference; lastKnownFileType = image.png; path = "3@3x.png"; sourceTree = "<group>"; };
		48C2C25D1D6211F70005783A /* 4@2x.png */ = {isa = PBXFileReference; lastKnownFileType = image.png; path = "4@2x.png"; sourceTree = "<group>"; };
		48C2C25E1D6211F70005783A /* 4@3x.png */ = {isa = PBXFileReference; lastKnownFileType = image.png; path = "4@3x.png"; sourceTree = "<group>"; };
		48C2C25F1D6211F70005783A /* 5@2x.png */ = {isa = PBXFileReference; lastKnownFileType = image.png; path = "5@2x.png"; sourceTree = "<group>"; };
		48C2C2601D6211F70005783A /* 5@3x.png */ = {isa = PBXFileReference; lastKnownFileType = image.png; path = "5@3x.png"; sourceTree = "<group>"; };
		48C2C2611D6211F70005783A /* 6@2x.png */ = {isa = PBXFileReference; lastKnownFileType = image.png; path = "6@2x.png"; sourceTree = "<group>"; };
		48C2C2621D6211F70005783A /* 6@3x.png */ = {isa = PBXFileReference; lastKnownFileType = image.png; path = "6@3x.png"; sourceTree = "<group>"; };
		48C2C2631D6211F70005783A /* 7@2x.png */ = {isa = PBXFileReference; lastKnownFileType = image.png; path = "7@2x.png"; sourceTree = "<group>"; };
		48C2C2641D6211F70005783A /* 7@3x.png */ = {isa = PBXFileReference; lastKnownFileType = image.png; path = "7@3x.png"; sourceTree = "<group>"; };
		48C2C2651D6211F70005783A /* 8@2x.png */ = {isa = PBXFileReference; lastKnownFileType = image.png; path = "8@2x.png"; sourceTree = "<group>"; };
		48C2C2661D6211F70005783A /* 8@3x.png */ = {isa = PBXFileReference; lastKnownFileType = image.png; path = "8@3x.png"; sourceTree = "<group>"; };
		48C2C2671D6211F70005783A /* 9@2x.png */ = {isa = PBXFileReference; lastKnownFileType = image.png; path = "9@2x.png"; sourceTree = "<group>"; };
		48C2C2681D6211F70005783A /* 9@3x.png */ = {isa = PBXFileReference; lastKnownFileType = image.png; path = "9@3x.png"; sourceTree = "<group>"; };
		48C2C2691D6211F70005783A /* test@2x.png */ = {isa = PBXFileReference; lastKnownFileType = image.png; path = "test@2x.png"; sourceTree = "<group>"; };
		48C2C26C1D6211F70005783A /* AnalogData.h */ = {isa = PBXFileReference; fileEncoding = 4; lastKnownFileType = sourcecode.c.h; path = AnalogData.h; sourceTree = "<group>"; };
		48C2C26D1D6211F70005783A /* AnalogData.m */ = {isa = PBXFileReference; fileEncoding = 4; lastKnownFileType = sourcecode.c.objc; path = AnalogData.m; sourceTree = "<group>"; };
		48C2C2741D6211F70005783A /* ZYSortMenuButton.h */ = {isa = PBXFileReference; fileEncoding = 4; lastKnownFileType = sourcecode.c.h; path = ZYSortMenuButton.h; sourceTree = "<group>"; };
		48C2C2751D6211F70005783A /* ZYSortMenuButton.m */ = {isa = PBXFileReference; fileEncoding = 4; lastKnownFileType = sourcecode.c.objc; path = ZYSortMenuButton.m; sourceTree = "<group>"; };
		48C2C2761D6211F70005783A /* ZYSortView.h */ = {isa = PBXFileReference; fileEncoding = 4; lastKnownFileType = sourcecode.c.h; path = ZYSortView.h; sourceTree = "<group>"; };
		48C2C2771D6211F70005783A /* ZYSortView.m */ = {isa = PBXFileReference; fileEncoding = 4; lastKnownFileType = sourcecode.c.objc; path = ZYSortView.m; sourceTree = "<group>"; };
		48C2C2B81D6212350005783A /* Product.h */ = {isa = PBXFileReference; fileEncoding = 4; lastKnownFileType = sourcecode.c.h; path = Product.h; sourceTree = "<group>"; };
		48C2C2B91D6212350005783A /* Product.m */ = {isa = PBXFileReference; fileEncoding = 4; lastKnownFileType = sourcecode.c.objc; path = Product.m; sourceTree = "<group>"; };
		48F0E5E91D63113D00440FF8 /* ZYMenuRadioCell.h */ = {isa = PBXFileReference; fileEncoding = 4; lastKnownFileType = sourcecode.c.h; path = ZYMenuRadioCell.h; sourceTree = "<group>"; };
		48F0E5EA1D63113D00440FF8 /* ZYMenuRadioCell.m */ = {isa = PBXFileReference; fileEncoding = 4; lastKnownFileType = sourcecode.c.objc; path = ZYMenuRadioCell.m; sourceTree = "<group>"; };
		48F0E5EB1D63113D00440FF8 /* ZYMenuRadioCell.xib */ = {isa = PBXFileReference; fileEncoding = 4; lastKnownFileType = file.xib; path = ZYMenuRadioCell.xib; sourceTree = "<group>"; };
		48F921E21D6704E3009D3A6A /* emoji_price_range@2x.png */ = {isa = PBXFileReference; lastKnownFileType = image.png; path = "emoji_price_range@2x.png"; sourceTree = "<group>"; };
		48F921E31D6704E3009D3A6A /* emoji_price_range@3x.png */ = {isa = PBXFileReference; lastKnownFileType = image.png; path = "emoji_price_range@3x.png"; sourceTree = "<group>"; };
		48F921E41D6704E3009D3A6A /* emoji_sent_city@2x.png */ = {isa = PBXFileReference; lastKnownFileType = image.png; path = "emoji_sent_city@2x.png"; sourceTree = "<group>"; };
		48F921E51D6704E3009D3A6A /* emoji_sent_city@3x.png */ = {isa = PBXFileReference; lastKnownFileType = image.png; path = "emoji_sent_city@3x.png"; sourceTree = "<group>"; };
		48F921E61D6704E3009D3A6A /* emoji_sent_time@2x.png */ = {isa = PBXFileReference; lastKnownFileType = image.png; path = "emoji_sent_time@2x.png"; sourceTree = "<group>"; };
		48F921E71D6704E3009D3A6A /* emoji_sent_time@3x.png */ = {isa = PBXFileReference; lastKnownFileType = image.png; path = "emoji_sent_time@3x.png"; sourceTree = "<group>"; };
		48F921E81D6704E3009D3A6A /* emoji_travel_days@2x.png */ = {isa = PBXFileReference; lastKnownFileType = image.png; path = "emoji_travel_days@2x.png"; sourceTree = "<group>"; };
		48F921E91D6704E3009D3A6A /* emoji_travel_days@3x.png */ = {isa = PBXFileReference; lastKnownFileType = image.png; path = "emoji_travel_days@3x.png"; sourceTree = "<group>"; };
		48F921EA1D6704E3009D3A6A /* radio_cell_selected@2x.png */ = {isa = PBXFileReference; lastKnownFileType = image.png; path = "radio_cell_selected@2x.png"; sourceTree = "<group>"; };
		48F921EB1D6704E3009D3A6A /* radio_cell_selected@3x.png */ = {isa = PBXFileReference; lastKnownFileType = image.png; path = "radio_cell_selected@3x.png"; sourceTree = "<group>"; };
		48F921EC1D6704E3009D3A6A /* sort_menu_arrow_normal@2x.png */ = {isa = PBXFileReference; lastKnownFileType = image.png; path = "sort_menu_arrow_normal@2x.png"; sourceTree = "<group>"; };
		48F921ED1D6704E3009D3A6A /* sort_menu_arrow_normal@3x.png */ = {isa = PBXFileReference; lastKnownFileType = image.png; path = "sort_menu_arrow_normal@3x.png"; sourceTree = "<group>"; };
		48F921EE1D6704E3009D3A6A /* sort_menu_arrow_selected@2x.png */ = {isa = PBXFileReference; lastKnownFileType = image.png; path = "sort_menu_arrow_selected@2x.png"; sourceTree = "<group>"; };
		48F921EF1D6704E3009D3A6A /* sort_menu_arrow_selected@3x.png */ = {isa = PBXFileReference; lastKnownFileType = image.png; path = "sort_menu_arrow_selected@3x.png"; sourceTree = "<group>"; };
/* End PBXFileReference section */

/* Begin PBXFrameworksBuildPhase section */
		48ABFEDF1D61863B0079D5A9 /* Frameworks */ = {
			isa = PBXFrameworksBuildPhase;
			buildActionMask = 2147483647;
			files = (
			);
			runOnlyForDeploymentPostprocessing = 0;
		};
/* End PBXFrameworksBuildPhase section */

/* Begin PBXGroup section */
		4812F2901D63FAD700F9A03B /* ZYCustomVIew */ = {
			isa = PBXGroup;
			children = (
				4812F2941D63FAD700F9A03B /* muti_cell_img */,
				4812F2911D63FAD700F9A03B /* CityCell.h */,
				4812F2921D63FAD700F9A03B /* CityCell.m */,
				4812F2931D63FAD700F9A03B /* CityCell.xib */,
				4812F2991D63FAD700F9A03B /* TravelDayCell.h */,
				4812F29A1D63FAD700F9A03B /* TravelDayCell.m */,
				4812F29B1D63FAD700F9A03B /* TravelDayCell.xib */,
				4812F29C1D63FAD700F9A03B /* ZYCustomView.h */,
				4812F29D1D63FAD700F9A03B /* ZYCustomView.m */,
				4812F29E1D63FAD700F9A03B /* ZYMutiSelectReusableView.h */,
				4812F29F1D63FAD700F9A03B /* ZYMutiSelectReusableView.m */,
				4812F2A01D63FAD700F9A03B /* ZYMutiSelectReusableView.xib */,
			);
			path = ZYCustomVIew;
			sourceTree = "<group>";
		};
		4812F2941D63FAD700F9A03B /* muti_cell_img */ = {
			isa = PBXGroup;
			children = (
				4812F2951D63FAD700F9A03B /* muti_cell_n@2x.png */,
				4812F2961D63FAD700F9A03B /* muti_cell_n@3x.png */,
				4812F2971D63FAD700F9A03B /* muti_cell_s@2x.png */,
				4812F2981D63FAD700F9A03B /* muti_cell_s@3x.png */,
			);
			path = muti_cell_img;
			sourceTree = "<group>";
		};
		4812F2AC1D643ED800F9A03B /* DateHelper */ = {
			isa = PBXGroup;
			children = (
				4812F2AD1D643EEA00F9A03B /* DateHelper.h */,
				4812F2AE1D643EEA00F9A03B /* DateHelper.m */,
			);
			path = DateHelper;
			sourceTree = "<group>";
		};
		4812F2B01D6461F400F9A03B /* ZYSortModels */ = {
			isa = PBXGroup;
			children = (
				4812F2B11D64625000F9A03B /* MutiFilter.h */,
				4812F2B21D64625000F9A03B /* MutiFilter.m */,
			);
			path = ZYSortModels;
			sourceTree = "<group>";
		};
		48ABFED91D61863B0079D5A9 = {
			isa = PBXGroup;
			children = (
				48ABFEE41D61863B0079D5A9 /* 0815_要出发筛选菜单 */,
				48ABFEE31D61863B0079D5A9 /* Products */,
			);
			sourceTree = "<group>";
		};
		48ABFEE31D61863B0079D5A9 /* Products */ = {
			isa = PBXGroup;
			children = (
				48ABFEE21D61863B0079D5A9 /* 0815_要出发筛选菜单.app */,
			);
			name = Products;
			sourceTree = "<group>";
		};
		48ABFEE41D61863B0079D5A9 /* 0815_要出发筛选菜单 */ = {
			isa = PBXGroup;
			children = (
				48C2C2231D6211F70005783A /* Classes */,
				48C2C2301D6211F70005783A /* Resouces */,
				48C2C26A1D6211F70005783A /* UtilPackage */,
				48ABFEE51D61863B0079D5A9 /* Supporting Files */,
			);
			path = "0815_要出发筛选菜单";
			sourceTree = "<group>";
		};
		48ABFEE51D61863B0079D5A9 /* Supporting Files */ = {
			isa = PBXGroup;
			children = (
				48ABFEF61D61863B0079D5A9 /* Info.plist */,
				48ABFEE61D61863B0079D5A9 /* main.m */,
			);
			name = "Supporting Files";
			sourceTree = "<group>";
		};
		48C2C2231D6211F70005783A /* Classes */ = {
			isa = PBXGroup;
			children = (
				48C2C2241D6211F70005783A /* AppDelegate */,
				48C2C2271D6211F70005783A /* Home */,
			);
			path = Classes;
			sourceTree = "<group>";
		};
		48C2C2241D6211F70005783A /* AppDelegate */ = {
			isa = PBXGroup;
			children = (
				48C2C2251D6211F70005783A /* AppDelegate.h */,
				48C2C2261D6211F70005783A /* AppDelegate.m */,
			);
			path = AppDelegate;
			sourceTree = "<group>";
		};
		48C2C2271D6211F70005783A /* Home */ = {
			isa = PBXGroup;
			children = (
				48C2C2281D6211F70005783A /* Host */,
			);
			path = Home;
			sourceTree = "<group>";
		};
		48C2C2281D6211F70005783A /* Host */ = {
			isa = PBXGroup;
			children = (
				48C2C2291D6211F70005783A /* Controllers */,
				48C2C22C1D6211F70005783A /* Models */,
				48C2C22D1D6211F70005783A /* Views */,
			);
			path = Host;
			sourceTree = "<group>";
		};
		48C2C2291D6211F70005783A /* Controllers */ = {
			isa = PBXGroup;
			children = (
				48C2C22A1D6211F70005783A /* ViewController.h */,
				48C2C22B1D6211F70005783A /* ViewController.m */,
			);
			path = Controllers;
			sourceTree = "<group>";
		};
		48C2C22C1D6211F70005783A /* Models */ = {
			isa = PBXGroup;
			children = (
				48C2C2B81D6212350005783A /* Product.h */,
				48C2C2B91D6212350005783A /* Product.m */,
			);
			path = Models;
			sourceTree = "<group>";
		};
		48C2C22D1D6211F70005783A /* Views */ = {
			isa = PBXGroup;
			children = (
				48C2C22E1D6211F70005783A /* ProductCell.h */,
				48C2C22F1D6211F70005783A /* ProductCell.m */,
			);
			path = Views;
			sourceTree = "<group>";
		};
		48C2C2301D6211F70005783A /* Resouces */ = {
			isa = PBXGroup;
			children = (
				48C2C2311D6211F70005783A /* Assets.xcassets */,
				48C2C2321D6211F70005783A /* LaunchScreen.storyboard */,
				48C2C2341D6211F70005783A /* Main.storyboard */,
				48C2C2361D6211F70005783A /* randomImage */,
				48C2C2691D6211F70005783A /* test@2x.png */,
			);
			path = Resouces;
			sourceTree = "<group>";
		};
		48C2C2361D6211F70005783A /* randomImage */ = {
			isa = PBXGroup;
			children = (
				48C2C2371D6211F70005783A /* 10@2x.png */,
				48C2C2381D6211F70005783A /* 10@3x.png */,
				48C2C2391D6211F70005783A /* 11@2x.png */,
				48C2C23A1D6211F70005783A /* 11@3x.png */,
				48C2C23B1D6211F70005783A /* 12@2x.png */,
				48C2C23C1D6211F70005783A /* 12@3x.png */,
				48C2C23D1D6211F70005783A /* 13@2x.png */,
				48C2C23E1D6211F70005783A /* 13@3x.png */,
				48C2C23F1D6211F70005783A /* 14@2x.png */,
				48C2C2401D6211F70005783A /* 14@3x.png */,
				48C2C2411D6211F70005783A /* 15@2x.png */,
				48C2C2421D6211F70005783A /* 15@3x.png */,
				48C2C2431D6211F70005783A /* 16@2x.png */,
				48C2C2441D6211F70005783A /* 16@3x.png */,
				48C2C2451D6211F70005783A /* 17@2x.png */,
				48C2C2461D6211F70005783A /* 17@3x.png */,
				48C2C2471D6211F70005783A /* 18@2x.png */,
				48C2C2481D6211F70005783A /* 18@3x.png */,
				48C2C2491D6211F70005783A /* 19@2x.png */,
				48C2C24A1D6211F70005783A /* 19@3x.png */,
				48C2C24B1D6211F70005783A /* 1@2x.png */,
				48C2C24C1D6211F70005783A /* 1@3x.png */,
				48C2C24D1D6211F70005783A /* 20@2x.png */,
				48C2C24E1D6211F70005783A /* 20@3x.png */,
				48C2C24F1D6211F70005783A /* 21@2x.png */,
				48C2C2501D6211F70005783A /* 21@3x.png */,
				48C2C2511D6211F70005783A /* 22@2x.png */,
				48C2C2521D6211F70005783A /* 22@3x.png */,
				48C2C2531D6211F70005783A /* 23@2x.png */,
				48C2C2541D6211F70005783A /* 23@3x.png */,
				48C2C2551D6211F70005783A /* 24@2x.png */,
				48C2C2561D6211F70005783A /* 24@3x.png */,
				48C2C2571D6211F70005783A /* 25@2x.png */,
				48C2C2581D6211F70005783A /* 25@3x.png */,
				48C2C2591D6211F70005783A /* 2@2x.png */,
				48C2C25A1D6211F70005783A /* 2@3x.png */,
				48C2C25B1D6211F70005783A /* 3@2x.png */,
				48C2C25C1D6211F70005783A /* 3@3x.png */,
				48C2C25D1D6211F70005783A /* 4@2x.png */,
				48C2C25E1D6211F70005783A /* 4@3x.png */,
				48C2C25F1D6211F70005783A /* 5@2x.png */,
				48C2C2601D6211F70005783A /* 5@3x.png */,
				48C2C2611D6211F70005783A /* 6@2x.png */,
				48C2C2621D6211F70005783A /* 6@3x.png */,
				48C2C2631D6211F70005783A /* 7@2x.png */,
				48C2C2641D6211F70005783A /* 7@3x.png */,
				48C2C2651D6211F70005783A /* 8@2x.png */,
				48C2C2661D6211F70005783A /* 8@3x.png */,
				48C2C2671D6211F70005783A /* 9@2x.png */,
				48C2C2681D6211F70005783A /* 9@3x.png */,
			);
			path = randomImage;
			sourceTree = "<group>";
		};
		48C2C26A1D6211F70005783A /* UtilPackage */ = {
			isa = PBXGroup;
			children = (
				4812F2B01D6461F400F9A03B /* ZYSortModels */,
				4812F2AC1D643ED800F9A03B /* DateHelper */,
				48C2C26B1D6211F70005783A /* AnalogData */,
				48C2C26E1D6211F70005783A /* ZYSortView */,
			);
			path = UtilPackage;
			sourceTree = "<group>";
		};
		48C2C26B1D6211F70005783A /* AnalogData */ = {
			isa = PBXGroup;
			children = (
				48C2C26C1D6211F70005783A /* AnalogData.h */,
				48C2C26D1D6211F70005783A /* AnalogData.m */,
			);
			path = AnalogData;
			sourceTree = "<group>";
		};
		48C2C26E1D6211F70005783A /* ZYSortView */ = {
			isa = PBXGroup;
			children = (
				48F921E11D6704E3009D3A6A /* sortImages */,
				4812F2901D63FAD700F9A03B /* ZYCustomVIew */,
				48C2C2741D6211F70005783A /* ZYSortMenuButton.h */,
				48C2C2751D6211F70005783A /* ZYSortMenuButton.m */,
				48C2C2761D6211F70005783A /* ZYSortView.h */,
				48C2C2771D6211F70005783A /* ZYSortView.m */,
				48F0E5E91D63113D00440FF8 /* ZYMenuRadioCell.h */,
				48F0E5EA1D63113D00440FF8 /* ZYMenuRadioCell.m */,
				48F0E5EB1D63113D00440FF8 /* ZYMenuRadioCell.xib */,
			);
			path = ZYSortView;
			sourceTree = "<group>";
		};
		48F921E11D6704E3009D3A6A /* sortImages */ = {
			isa = PBXGroup;
			children = (
				48F921E21D6704E3009D3A6A /* emoji_price_range@2x.png */,
				48F921E31D6704E3009D3A6A /* emoji_price_range@3x.png */,
				48F921E41D6704E3009D3A6A /* emoji_sent_city@2x.png */,
				48F921E51D6704E3009D3A6A /* emoji_sent_city@3x.png */,
				48F921E61D6704E3009D3A6A /* emoji_sent_time@2x.png */,
				48F921E71D6704E3009D3A6A /* emoji_sent_time@3x.png */,
				48F921E81D6704E3009D3A6A /* emoji_travel_days@2x.png */,
				48F921E91D6704E3009D3A6A /* emoji_travel_days@3x.png */,
				48F921EA1D6704E3009D3A6A /* radio_cell_selected@2x.png */,
				48F921EB1D6704E3009D3A6A /* radio_cell_selected@3x.png */,
				48F921EC1D6704E3009D3A6A /* sort_menu_arrow_normal@2x.png */,
				48F921ED1D6704E3009D3A6A /* sort_menu_arrow_normal@3x.png */,
				48F921EE1D6704E3009D3A6A /* sort_menu_arrow_selected@2x.png */,
				48F921EF1D6704E3009D3A6A /* sort_menu_arrow_selected@3x.png */,
			);
			path = sortImages;
			sourceTree = "<group>";
		};
/* End PBXGroup section */

/* Begin PBXNativeTarget section */
		48ABFEE11D61863B0079D5A9 /* 0815_要出发筛选菜单 */ = {
			isa = PBXNativeTarget;
			buildConfigurationList = 48ABFEF91D61863B0079D5A9 /* Build configuration list for PBXNativeTarget "0815_要出发筛选菜单" */;
			buildPhases = (
				48ABFEDE1D61863B0079D5A9 /* Sources */,
				48ABFEDF1D61863B0079D5A9 /* Frameworks */,
				48ABFEE01D61863B0079D5A9 /* Resources */,
			);
			buildRules = (
			);
			dependencies = (
			);
			name = "0815_要出发筛选菜单";
			productName = "0815_要出发筛选菜单";
			productReference = 48ABFEE21D61863B0079D5A9 /* 0815_要出发筛选菜单.app */;
			productType = "com.apple.product-type.application";
		};
/* End PBXNativeTarget section */

/* Begin PBXProject section */
		48ABFEDA1D61863B0079D5A9 /* Project object */ = {
			isa = PBXProject;
			attributes = {
				LastUpgradeCheck = 0720;
				ORGANIZATIONNAME = github.com/ocliuziyang/gogogo;
				TargetAttributes = {
					48ABFEE11D61863B0079D5A9 = {
						CreatedOnToolsVersion = 7.2;
					};
				};
			};
			buildConfigurationList = 48ABFEDD1D61863B0079D5A9 /* Build configuration list for PBXProject "0815_要出发筛选菜单" */;
			compatibilityVersion = "Xcode 3.2";
			developmentRegion = English;
			hasScannedForEncodings = 0;
			knownRegions = (
				en,
				Base,
			);
			mainGroup = 48ABFED91D61863B0079D5A9;
			productRefGroup = 48ABFEE31D61863B0079D5A9 /* Products */;
			projectDirPath = "";
			projectRoot = "";
			targets = (
				48ABFEE11D61863B0079D5A9 /* 0815_要出发筛选菜单 */,
			);
		};
/* End PBXProject section */

/* Begin PBXResourcesBuildPhase section */
		48ABFEE01D61863B0079D5A9 /* Resources */ = {
			isa = PBXResourcesBuildPhase;
			buildActionMask = 2147483647;
			files = (
				48C2C27D1D6211F70005783A /* Main.storyboard in Resources */,
				4812F2AB1D63FAD700F9A03B /* ZYMutiSelectReusableView.xib in Resources */,
				48C2C28B1D6211F70005783A /* 16@3x.png in Resources */,
				48F921F01D6704E3009D3A6A /* emoji_price_range@2x.png in Resources */,
				48C2C2941D6211F70005783A /* 20@2x.png in Resources */,
				48C2C2A51D6211F70005783A /* 4@3x.png in Resources */,
				48C2C2821D6211F70005783A /* 12@2x.png in Resources */,
				48F921F21D6704E3009D3A6A /* emoji_sent_city@2x.png in Resources */,
				48C2C29B1D6211F70005783A /* 23@3x.png in Resources */,
				48C2C2951D6211F70005783A /* 20@3x.png in Resources */,
				48C2C27B1D6211F70005783A /* Assets.xcassets in Resources */,
				48C2C2861D6211F70005783A /* 14@2x.png in Resources */,
				48C2C28D1D6211F70005783A /* 17@3x.png in Resources */,
				48C2C2AE1D6211F70005783A /* 9@2x.png in Resources */,
				48C2C2A61D6211F70005783A /* 5@2x.png in Resources */,
				48F921F61D6704E3009D3A6A /* emoji_travel_days@2x.png in Resources */,
				48C2C2A81D6211F70005783A /* 6@2x.png in Resources */,
				48C2C2AA1D6211F70005783A /* 7@2x.png in Resources */,
				48C2C2921D6211F70005783A /* 1@2x.png in Resources */,
				48C2C2931D6211F70005783A /* 1@3x.png in Resources */,
				48C2C27F1D6211F70005783A /* 10@3x.png in Resources */,
				48C2C29A1D6211F70005783A /* 23@2x.png in Resources */,
				48C2C29E1D6211F70005783A /* 25@2x.png in Resources */,
				48F921FD1D6704E3009D3A6A /* sort_menu_arrow_selected@3x.png in Resources */,
				48C2C29D1D6211F70005783A /* 24@3x.png in Resources */,
				48C2C2A41D6211F70005783A /* 4@2x.png in Resources */,
				48C2C2A31D6211F70005783A /* 3@3x.png in Resources */,
				48F921F41D6704E3009D3A6A /* emoji_sent_time@2x.png in Resources */,
				48C2C28C1D6211F70005783A /* 17@2x.png in Resources */,
				48F921F81D6704E3009D3A6A /* radio_cell_selected@2x.png in Resources */,
				48C2C2831D6211F70005783A /* 12@3x.png in Resources */,
				48C2C2B01D6211F70005783A /* test@2x.png in Resources */,
				48C2C2AB1D6211F70005783A /* 7@3x.png in Resources */,
				48C2C2991D6211F70005783A /* 22@3x.png in Resources */,
				48C2C2891D6211F70005783A /* 15@3x.png in Resources */,
				48F921FC1D6704E3009D3A6A /* sort_menu_arrow_selected@2x.png in Resources */,
				48C2C2971D6211F70005783A /* 21@3x.png in Resources */,
				4812F2A81D63FAD700F9A03B /* TravelDayCell.xib in Resources */,
				48C2C2A91D6211F70005783A /* 6@3x.png in Resources */,
				48C2C27C1D6211F70005783A /* LaunchScreen.storyboard in Resources */,
				48C2C2911D6211F70005783A /* 19@3x.png in Resources */,
				48C2C2AF1D6211F70005783A /* 9@3x.png in Resources */,
				48C2C28E1D6211F70005783A /* 18@2x.png in Resources */,
				48C2C2A71D6211F70005783A /* 5@3x.png in Resources */,
				48C2C2901D6211F70005783A /* 19@2x.png in Resources */,
				48C2C29F1D6211F70005783A /* 25@3x.png in Resources */,
				48F921F11D6704E3009D3A6A /* emoji_price_range@3x.png in Resources */,
				48C2C29C1D6211F70005783A /* 24@2x.png in Resources */,
				48C2C2841D6211F70005783A /* 13@2x.png in Resources */,
				48C2C2801D6211F70005783A /* 11@2x.png in Resources */,
				48F0E5ED1D63113D00440FF8 /* ZYMenuRadioCell.xib in Resources */,
				48C2C2871D6211F70005783A /* 14@3x.png in Resources */,
				48C2C2A01D6211F70005783A /* 2@2x.png in Resources */,
				48C2C2A11D6211F70005783A /* 2@3x.png in Resources */,
				48C2C2961D6211F70005783A /* 21@2x.png in Resources */,
				48F921F51D6704E3009D3A6A /* emoji_sent_time@3x.png in Resources */,
				48C2C2A21D6211F70005783A /* 3@2x.png in Resources */,
				48F921F31D6704E3009D3A6A /* emoji_sent_city@3x.png in Resources */,
				48C2C27E1D6211F70005783A /* 10@2x.png in Resources */,
				48C2C2811D6211F70005783A /* 11@3x.png in Resources */,
				48C2C28A1D6211F70005783A /* 16@2x.png in Resources */,
				48C2C28F1D6211F70005783A /* 18@3x.png in Resources */,
				48C2C2881D6211F70005783A /* 15@2x.png in Resources */,
				4812F2A61D63FAD700F9A03B /* muti_cell_s@3x.png in Resources */,
				48F921F71D6704E3009D3A6A /* emoji_travel_days@3x.png in Resources */,
				48C2C2AC1D6211F70005783A /* 8@2x.png in Resources */,
				48C2C2AD1D6211F70005783A /* 8@3x.png in Resources */,
				48F921FA1D6704E3009D3A6A /* sort_menu_arrow_normal@2x.png in Resources */,
				4812F2A51D63FAD700F9A03B /* muti_cell_s@2x.png in Resources */,
				48C2C2981D6211F70005783A /* 22@2x.png in Resources */,
				4812F2A41D63FAD700F9A03B /* muti_cell_n@3x.png in Resources */,
				4812F2A21D63FAD700F9A03B /* CityCell.xib in Resources */,
				4812F2A31D63FAD700F9A03B /* muti_cell_n@2x.png in Resources */,
				48F921FB1D6704E3009D3A6A /* sort_menu_arrow_normal@3x.png in Resources */,
				48F921F91D6704E3009D3A6A /* radio_cell_selected@3x.png in Resources */,
				48C2C2851D6211F70005783A /* 13@3x.png in Resources */,
			);
			runOnlyForDeploymentPostprocessing = 0;
		};
/* End PBXResourcesBuildPhase section */

/* Begin PBXSourcesBuildPhase section */
		48ABFEDE1D61863B0079D5A9 /* Sources */ = {
			isa = PBXSourcesBuildPhase;
			buildActionMask = 2147483647;
			files = (
				48C2C2791D6211F70005783A /* ViewController.m in Sources */,
				4812F2A71D63FAD700F9A03B /* TravelDayCell.m in Sources */,
				48C2C2B61D6211F70005783A /* ZYSortMenuButton.m in Sources */,
				48C2C27A1D6211F70005783A /* ProductCell.m in Sources */,
				48C2C2B11D6211F70005783A /* AnalogData.m in Sources */,
				48C2C2781D6211F70005783A /* AppDelegate.m in Sources */,
				4812F2A11D63FAD700F9A03B /* CityCell.m in Sources */,
				4812F2A91D63FAD700F9A03B /* ZYCustomView.m in Sources */,
				4812F2AA1D63FAD700F9A03B /* ZYMutiSelectReusableView.m in Sources */,
				48C2C2BA1D6212360005783A /* Product.m in Sources */,
				48C2C2B71D6211F70005783A /* ZYSortView.m in Sources */,
				4812F2AF1D643EEA00F9A03B /* DateHelper.m in Sources */,
				48ABFEE71D61863B0079D5A9 /* main.m in Sources */,
				4812F2B31D64625000F9A03B /* MutiFilter.m in Sources */,
				48F0E5EC1D63113D00440FF8 /* ZYMenuRadioCell.m in Sources */,
			);
			runOnlyForDeploymentPostprocessing = 0;
		};
/* End PBXSourcesBuildPhase section */

/* Begin PBXVariantGroup section */
		48C2C2321D6211F70005783A /* LaunchScreen.storyboard */ = {
			isa = PBXVariantGroup;
			children = (
				48C2C2331D6211F70005783A /* Base */,
			);
			name = LaunchScreen.storyboard;
			sourceTree = "<group>";
		};
		48C2C2341D6211F70005783A /* Main.storyboard */ = {
			isa = PBXVariantGroup;
			children = (
				48C2C2351D6211F70005783A /* Base */,
			);
			name = Main.storyboard;
			sourceTree = "<group>";
		};
/* End PBXVariantGroup section */

/* Begin XCBuildConfiguration section */
		48ABFEF71D61863B0079D5A9 /* Debug */ = {
			isa = XCBuildConfiguration;
			buildSettings = {
				ALWAYS_SEARCH_USER_PATHS = NO;
				CLANG_CXX_LANGUAGE_STANDARD = "gnu++0x";
				CLANG_CXX_LIBRARY = "libc++";
				CLANG_ENABLE_MODULES = YES;
				CLANG_ENABLE_OBJC_ARC = YES;
				CLANG_WARN_BOOL_CONVERSION = YES;
				CLANG_WARN_CONSTANT_CONVERSION = YES;
				CLANG_WARN_DIRECT_OBJC_ISA_USAGE = YES_ERROR;
				CLANG_WARN_EMPTY_BODY = YES;
				CLANG_WARN_ENUM_CONVERSION = YES;
				CLANG_WARN_INT_CONVERSION = YES;
				CLANG_WARN_OBJC_ROOT_CLASS = YES_ERROR;
				CLANG_WARN_UNREACHABLE_CODE = YES;
				CLANG_WARN__DUPLICATE_METHOD_MATCH = YES;
				"CODE_SIGN_IDENTITY[sdk=iphoneos*]" = "iPhone Developer";
				COPY_PHASE_STRIP = NO;
				DEBUG_INFORMATION_FORMAT = dwarf;
				ENABLE_STRICT_OBJC_MSGSEND = YES;
				ENABLE_TESTABILITY = YES;
				GCC_C_LANGUAGE_STANDARD = gnu99;
				GCC_DYNAMIC_NO_PIC = NO;
				GCC_NO_COMMON_BLOCKS = YES;
				GCC_OPTIMIZATION_LEVEL = 0;
				GCC_PREPROCESSOR_DEFINITIONS = (
					"DEBUG=1",
					"$(inherited)",
				);
				GCC_WARN_64_TO_32_BIT_CONVERSION = YES;
				GCC_WARN_ABOUT_RETURN_TYPE = YES_ERROR;
				GCC_WARN_UNDECLARED_SELECTOR = YES;
				GCC_WARN_UNINITIALIZED_AUTOS = YES_AGGRESSIVE;
				GCC_WARN_UNUSED_FUNCTION = YES;
				GCC_WARN_UNUSED_VARIABLE = YES;
				IPHONEOS_DEPLOYMENT_TARGET = 9.2;
				MTL_ENABLE_DEBUG_INFO = YES;
				ONLY_ACTIVE_ARCH = YES;
				SDKROOT = iphoneos;
			};
			name = Debug;
		};
		48ABFEF81D61863B0079D5A9 /* Release */ = {
			isa = XCBuildConfiguration;
			buildSettings = {
				ALWAYS_SEARCH_USER_PATHS = NO;
				CLANG_CXX_LANGUAGE_STANDARD = "gnu++0x";
				CLANG_CXX_LIBRARY = "libc++";
				CLANG_ENABLE_MODULES = YES;
				CLANG_ENABLE_OBJC_ARC = YES;
				CLANG_WARN_BOOL_CONVERSION = YES;
				CLANG_WARN_CONSTANT_CONVERSION = YES;
				CLANG_WARN_DIRECT_OBJC_ISA_USAGE = YES_ERROR;
				CLANG_WARN_EMPTY_BODY = YES;
				CLANG_WARN_ENUM_CONVERSION = YES;
				CLANG_WARN_INT_CONVERSION = YES;
				CLANG_WARN_OBJC_ROOT_CLASS = YES_ERROR;
				CLANG_WARN_UNREACHABLE_CODE = YES;
				CLANG_WARN__DUPLICATE_METHOD_MATCH = YES;
				"CODE_SIGN_IDENTITY[sdk=iphoneos*]" = "iPhone Developer";
				COPY_PHASE_STRIP = NO;
				DEBUG_INFORMATION_FORMAT = "dwarf-with-dsym";
				ENABLE_NS_ASSERTIONS = NO;
				ENABLE_STRICT_OBJC_MSGSEND = YES;
				GCC_C_LANGUAGE_STANDARD = gnu99;
				GCC_NO_COMMON_BLOCKS = YES;
				GCC_WARN_64_TO_32_BIT_CONVERSION = YES;
				GCC_WARN_ABOUT_RETURN_TYPE = YES_ERROR;
				GCC_WARN_UNDECLARED_SELECTOR = YES;
				GCC_WARN_UNINITIALIZED_AUTOS = YES_AGGRESSIVE;
				GCC_WARN_UNUSED_FUNCTION = YES;
				GCC_WARN_UNUSED_VARIABLE = YES;
				IPHONEOS_DEPLOYMENT_TARGET = 9.2;
				MTL_ENABLE_DEBUG_INFO = NO;
				SDKROOT = iphoneos;
				VALIDATE_PRODUCT = YES;
			};
			name = Release;
		};
		48ABFEFA1D61863B0079D5A9 /* Debug */ = {
			isa = XCBuildConfiguration;
			buildSettings = {
				ASSETCATALOG_COMPILER_APPICON_NAME = AppIcon;
				INFOPLIST_FILE = "0815_要出发筛选菜单/Info.plist";
				IPHONEOS_DEPLOYMENT_TARGET = 8.3;
				LD_RUNPATH_SEARCH_PATHS = "$(inherited) @executable_path/Frameworks";
				PRODUCT_BUNDLE_IDENTIFIER = "com.cytssh.-815--------";
				PRODUCT_NAME = "$(TARGET_NAME)";
			};
			name = Debug;
		};
		48ABFEFB1D61863B0079D5A9 /* Release */ = {
			isa = XCBuildConfiguration;
			buildSettings = {
				ASSETCATALOG_COMPILER_APPICON_NAME = AppIcon;
				INFOPLIST_FILE = "0815_要出发筛选菜单/Info.plist";
				IPHONEOS_DEPLOYMENT_TARGET = 8.3;
				LD_RUNPATH_SEARCH_PATHS = "$(inherited) @executable_path/Frameworks";
				PRODUCT_BUNDLE_IDENTIFIER = "com.cytssh.-815--------";
				PRODUCT_NAME = "$(TARGET_NAME)";
			};
			name = Release;
		};
/* End XCBuildConfiguration section */

/* Begin XCConfigurationList section */
		48ABFEDD1D61863B0079D5A9 /* Build configuration list for PBXProject "0815_要出发筛选菜单" */ = {
			isa = XCConfigurationList;
			buildConfigurations = (
				48ABFEF71D61863B0079D5A9 /* Debug */,
				48ABFEF81D61863B0079D5A9 /* Release */,
			);
			defaultConfigurationIsVisible = 0;
			defaultConfigurationName = Release;
		};
		48ABFEF91D61863B0079D5A9 /* Build configuration list for PBXNativeTarget "0815_要出发筛选菜单" */ = {
			isa = XCConfigurationList;
			buildConfigurations = (
				48ABFEFA1D61863B0079D5A9 /* Debug */,
				48ABFEFB1D61863B0079D5A9 /* Release */,
			);
			defaultConfigurationIsVisible = 0;
			defaultConfigurationName = Release;
		};
/* End XCConfigurationList section */
	};
	rootObject = 48ABFEDA1D61863B0079D5A9 /* Project object */;
}
